# THIS IS AN AUTOGENERATED FILE. DO NOT EDIT THIS FILE DIRECTLY.
# yarn lockfile v1


"@cloudinary/html@^1.11.2":
  version "1.11.2"
  resolved "https://registry.npmjs.org/@cloudinary/html/-/html-1.11.2.tgz"
  integrity sha512-IibBZliI7MOK3dxvz0WlsEyTIsqZhY3SiCBQM0CNwCKxn3N1TO8OgetfU26Now1lJbdoF5JQ8S7Cn6ZWNuU1KA==
  dependencies:
    "@types/lodash.clonedeep" "^4.5.6"
    "@types/lodash.debounce" "^4.0.6"
    "@types/node" "^14.14.10"
    lodash.clonedeep "^4.5.0"
    lodash.debounce "^4.0.8"
    typescript "^4.1.2"

"@cloudinary/react@^1.11.2":
  version "1.11.2"
  resolved "https://registry.npmjs.org/@cloudinary/react/-/react-1.11.2.tgz"
  integrity sha512-ZnVthMW7TExLMPmyven4N7EVr2oX2yZqnHn6EHBlni9iM0AZd6qtR8R5/SscxNLNwgBieWuvmejUlUT4LqPpMg==
  dependencies:
    "@cloudinary/html" "^1.11.2"

"@cloudinary/transformation-builder-sdk@^1.2.7":
  version "1.2.7"
  resolved "https://registry.npmjs.org/@cloudinary/transformation-builder-sdk/-/transformation-builder-sdk-1.2.7.tgz"
  integrity sha512-Q1fhw37BXXmN6/BCxdnw3OUJ6aAy/zpDWH5t+xIwmG5GtYUYMZqOjvdOkOhWBmus9ptq9znuGsYn8h5vtSjT+w==
  dependencies:
    "@cloudinary/url-gen" "^1.7.0"

"@cloudinary/url-gen@^1.10.0", "@cloudinary/url-gen@^1.7.0":
  version "1.10.0"
  resolved "https://registry.npmjs.org/@cloudinary/url-gen/-/url-gen-1.10.0.tgz"
  integrity sha512-J3V+gzT6Tepw9bMrR3prWVbW22cIFJtPS8Wkt1WFSZVHWpZx8/vv9ACHaxUmRqaSkjhX8ErsuzDY5YxdWnaCbw==
  dependencies:
    "@cloudinary/transformation-builder-sdk" "^1.2.7"

"@types/lodash.clonedeep@^4.5.6":
  version "4.5.7"
  resolved "https://registry.npmjs.org/@types/lodash.clonedeep/-/lodash.clonedeep-4.5.7.tgz"
  integrity sha512-ccNqkPptFIXrpVqUECi60/DFxjNKsfoQxSQsgcBJCX/fuX1wgyQieojkcWH/KpE3xzLoWN/2k+ZeGqIN3paSvw==
  dependencies:
    "@types/lodash" "*"

"@types/lodash.debounce@^4.0.6":
  version "4.0.7"
  resolved "https://registry.npmjs.org/@types/lodash.debounce/-/lodash.debounce-4.0.7.tgz"
  integrity sha512-X1T4wMZ+gT000M2/91SYj0d/7JfeNZ9PeeOldSNoE/lunLeQXKvkmIumI29IaKMotU/ln/McOIvgzZcQ/3TrSA==
  dependencies:
    "@types/lodash" "*"

"@types/lodash@*":
  version "4.14.194"
  resolved "https://registry.npmjs.org/@types/lodash/-/lodash-4.14.194.tgz"
  integrity sha512-r22s9tAS7imvBt2lyHC9B8AGwWnXaYb1tY09oyLkXDs4vArpYJzw09nj8MLx5VfciBPGIb+ZwG0ssYnEPJxn/g==

"@types/node@^14.14.10":
  version "14.18.42"
  resolved "https://registry.npmjs.org/@types/node/-/node-14.18.42.tgz"
  integrity sha512-xefu+RBie4xWlK8hwAzGh3npDz/4VhF6icY/shU+zv/1fNn+ZVG7T7CRwe9LId9sAYRPxI+59QBPuKL3WpyGRg==

asap@^2.0.0:
  version "2.0.6"
  resolved "https://registry.npmjs.org/asap/-/asap-2.0.6.tgz"
  integrity sha512-BSHWgDSAiKs50o2Re8ppvp3seVHXSRM44cdSsT9FfNEUUZLOGWVCsiWaRPWM1Znn+mqZ1OfVZ3z3DWEzSp7hRA==

call-bind@^1.0.0:
  version "1.0.2"
  resolved "https://registry.npmjs.org/call-bind/-/call-bind-1.0.2.tgz"
  integrity sha512-7O+FbCihrB5WGbFYesctwmTKae6rOiIzmz1icreWJ+0aA7LJfuqhEso2T9ncpcFtzMQtzXf2QGGueWJGTYsqrA==
  dependencies:
    function-bind "^1.1.1"
    get-intrinsic "^1.0.2"

dezalgo@^1.0.4:
  version "1.0.4"
  resolved "https://registry.npmjs.org/dezalgo/-/dezalgo-1.0.4.tgz"
  integrity sha512-rXSP0bf+5n0Qonsb+SVVfNfIsimO4HEtmnIpPHY8Q1UCzKlQrDMfdobr8nJOOsRgWCyMRqeSBQzmWUMq7zvVig==
  dependencies:
    asap "^2.0.0"
    wrappy "1"

formidable@^2.1.1:
  version "2.1.1"
  resolved "https://registry.npmjs.org/formidable/-/formidable-2.1.1.tgz"
  integrity sha512-0EcS9wCFEzLvfiks7omJ+SiYJAiD+TzK4Pcw1UlUoGnhUxDcMKjt0P7x8wEb0u6OHu8Nb98WG3nxtlF5C7bvUQ==
  dependencies:
    dezalgo "^1.0.4"
    hexoid "^1.0.0"
    once "^1.4.0"
    qs "^6.11.0"

function-bind@^1.1.1:
  version "1.1.1"
  resolved "https://registry.npmjs.org/function-bind/-/function-bind-1.1.1.tgz"
  integrity sha512-yIovAzMX49sF8Yl58fSCWJ5svSLuaibPxXQJFLmBObTuCr0Mf1KiPopGM9NiFjiYBCbfaa2Fh6breQ6ANVTI0A==

get-intrinsic@^1.0.2:
  version "1.2.0"
  resolved "https://registry.npmjs.org/get-intrinsic/-/get-intrinsic-1.2.0.tgz"
  integrity sha512-L049y6nFOuom5wGyRc3/gdTLO94dySVKRACj1RmJZBQXlbTMhtNIgkWkUHq+jYmZvKf14EW1EoJnnjbmoHij0Q==
  dependencies:
    function-bind "^1.1.1"
    has "^1.0.3"
    has-symbols "^1.0.3"

has-symbols@^1.0.3:
  version "1.0.3"
  resolved "https://registry.npmjs.org/has-symbols/-/has-symbols-1.0.3.tgz"
  integrity sha512-l3LCuF6MgDNwTDKkdYGEihYjt5pRPbEg46rtlmnSPlUbgmB8LOIrKJbYYFBSbnPaJexMKtiPO8hmeRjRz2Td+A==

has@^1.0.3:
  version "1.0.3"
  resolved "https://registry.npmjs.org/has/-/has-1.0.3.tgz"
  integrity sha512-f2dvO0VU6Oej7RkWJGrehjbzMAjFp5/VKPp5tTpWIV4JHHZK1/BxbFRtf/siA2SWTe09caDmVtYYzWEIbBS4zw==
  dependencies:
    function-bind "^1.1.1"

hexoid@^1.0.0:
  version "1.0.0"
  resolved "https://registry.npmjs.org/hexoid/-/hexoid-1.0.0.tgz"
  integrity sha512-QFLV0taWQOZtvIRIAdBChesmogZrtuXvVWsFHZTk2SU+anspqZ2vMnoLg7IE1+Uk16N19APic1BuF8bC8c2m5g==

lodash.clonedeep@^4.5.0:
  version "4.5.0"
  resolved "https://registry.npmjs.org/lodash.clonedeep/-/lodash.clonedeep-4.5.0.tgz"
  integrity sha512-H5ZhCF25riFd9uB5UCkVKo61m3S/xZk1x4wA6yp/L3RFP6Z/eHH1ymQcGLo7J3GMPfm0V/7m1tryHuGVxpqEBQ==

lodash.debounce@^4.0.8:
  version "4.0.8"
  resolved "https://registry.npmjs.org/lodash.debounce/-/lodash.debounce-4.0.8.tgz"
  integrity sha512-FT1yDzDYEoYWhnSGnpE/4Kj1fLZkDFyqRb7fNt6FdYOSxlUWAtp42Eh6Wb0rGIv/m9Bgo7x4GhQbm5Ys4SG5ow==

object-inspect@^1.9.0:
  version "1.12.3"
  resolved "https://registry.npmjs.org/object-inspect/-/object-inspect-1.12.3.tgz"
  integrity sha512-geUvdk7c+eizMNUDkRpW1wJwgfOiOeHbxBR/hLXK1aT6zmVSO0jsQcs7fj6MGw89jC/cjGfLcNOrtMYtGqm81g==

once@^1.4.0:
  version "1.4.0"
  resolved "https://registry.npmjs.org/once/-/once-1.4.0.tgz"
  integrity sha512-lNaJgI+2Q5URQBkccEKHTQOPaXdUxnZZElQTZY0MFUAuaEqe1E+Nyvgdz/aIyNi6Z9MzO5dv1H8n58/GELp3+w==
  dependencies:
    wrappy "1"

qs@^6.11.0:
  version "6.11.1"
  resolved "https://registry.npmjs.org/qs/-/qs-6.11.1.tgz"
  integrity sha512-0wsrzgTz/kAVIeuxSjnpGC56rzYtr6JT/2BwEvMaPhFIoYa1aGO8LbzuU1R0uUYQkLpWBTOj0l/CLAJB64J6nQ==
  dependencies:
    side-channel "^1.0.4"

side-channel@^1.0.4:
  version "1.0.4"
  resolved "https://registry.npmjs.org/side-channel/-/side-channel-1.0.4.tgz"
  integrity sha512-q5XPytqFEIKHkGdiMIrY10mvLRvnQh42/+GoBlFW3b2LXLE2xxJpZFdm94we0BaoV3RwJyGqg5wS7epxTv0Zvw==
  dependencies:
    call-bind "^1.0.0"
    get-intrinsic "^1.0.2"
    object-inspect "^1.9.0"

typescript@^4.1.2:
  version "4.9.5"
  resolved "https://registry.npmjs.org/typescript/-/typescript-4.9.5.tgz"
  integrity sha512-1FXk9E2Hm+QzZQ7z+McJiHL4NW1F2EzMu9Nq9i3zAaGqibafqYwCVU6WyWAuyQRRzOlxou8xZSyXLEN8oKj24g==

wrappy@1:
  version "1.0.2"
  resolved "https://registry.npmjs.org/wrappy/-/wrappy-1.0.2.tgz"
  integrity sha512-l4Sp/DRseor9wL6EvV2+TuQn63dMkPjZ/sp9XkghTEbV9KlPS1xUsZ3u7/IQO4wxtcFB4bgpQPRcR3QCvezPcQ==
